hash: da65f10ee2f295e6db191b1722622d0913ac170835a50f0c5488e3ea8f179d3e
updated: 2018-05-01T11:05:23.11952711-03:00
imports:
- name: github.com/golang/protobuf
  version: b4deda0973fb4c70b50d226b1af49f3da59f5265
  subpackages:
  - proto
- name: github.com/google/go-github
  version: 29336dbceeab3a9b7e075b90d8b6d991d1bb5da2
  subpackages:
  - github
- name: github.com/google/go-querystring
  version: 53e6ce116135b80d037921a7fdd5138cf32d7a8a
  subpackages:
  - query
- name: golang.org/x/net
  version: 5f9ae10d9af5b1c89ae6904293b14b064d4ada23
  subpackages:
  - context
  - context/ctxhttp
- name: golang.org/x/oauth2
  version: 6881fee410a5daf86371371f9ad451b95e168b71
  subpackages:
  - internal
- name: google.golang.org/appengine
  version: 962cbd1200af94a5a35ba8d512e9f91271b4d01a
  subpackages:
  - internal
  - internal/base
  - internal/datastore
  - internal/log
  - internal/remote_api
  - internal/urlfetch
  - urlfetch
testImports: []
